// !$*UTF8*$!
{
	archiveVersion = 1;
	classes = {
	};
	objectVersion = 46;
	objects = {

/* Begin PBXBuildFile section */
		D298686D1E4A8D99006FFCE5 /* DetailViewController.swift in Sources */ = {isa = PBXBuildFile; fileRef = D298686C1E4A8D99006FFCE5 /* DetailViewController.swift */; };
		D2E4C0441E4143D60073D05A /* AppDelegate.swift in Sources */ = {isa = PBXBuildFile; fileRef = D2E4C0431E4143D60073D05A /* AppDelegate.swift */; };
		D2E4C0491E4143D60073D05A /* Main.storyboard in Resources */ = {isa = PBXBuildFile; fileRef = D2E4C0471E4143D60073D05A /* Main.storyboard */; };
		D2E4C04B1E4143D60073D05A /* Assets.xcassets in Resources */ = {isa = PBXBuildFile; fileRef = D2E4C04A1E4143D60073D05A /* Assets.xcassets */; };
		D2E4C04E1E4143D60073D05A /* LaunchScreen.storyboard in Resources */ = {isa = PBXBuildFile; fileRef = D2E4C04C1E4143D60073D05A /* LaunchScreen.storyboard */; };
		D2E4C0561E41449A0073D05A /* MoviesViewController.swift in Sources */ = {isa = PBXBuildFile; fileRef = D2E4C0551E41449A0073D05A /* MoviesViewController.swift */; };
		D2E4C05B1E414BB00073D05A /* MovieCellView.swift in Sources */ = {isa = PBXBuildFile; fileRef = D2E4C05A1E414BB00073D05A /* MovieCellView.swift */; };
		DFE13D003186EABC8F72CF03 /* Pods_ReplicateFlicks.framework in Frameworks */ = {isa = PBXBuildFile; fileRef = B29316AD34068C775203168D /* Pods_ReplicateFlicks.framework */; };
/* End PBXBuildFile section */

/* Begin PBXFileReference section */
		B1386AED96BE7442869E24DB /* Pods-ReplicateFlicks.release.xcconfig */ = {isa = PBXFileReference; includeInIndex = 1; lastKnownFileType = text.xcconfig; name = "Pods-ReplicateFlicks.release.xcconfig"; path = "Pods/Target Support Files/Pods-ReplicateFlicks/Pods-ReplicateFlicks.release.xcconfig"; sourceTree = "<group>"; };
		B29316AD34068C775203168D /* Pods_ReplicateFlicks.framework */ = {isa = PBXFileReference; explicitFileType = wrapper.framework; includeInIndex = 0; path = Pods_ReplicateFlicks.framework; sourceTree = BUILT_PRODUCTS_DIR; };
		D298686C1E4A8D99006FFCE5 /* DetailViewController.swift */ = {isa = PBXFileReference; fileEncoding = 4; lastKnownFileType = sourcecode.swift; path = DetailViewController.swift; sourceTree = "<group>"; };
		D2E4C0401E4143D60073D05A /* ReplicateFlicks.app */ = {isa = PBXFileReference; explicitFileType = wrapper.application; includeInIndex = 0; path = ReplicateFlicks.app; sourceTree = BUILT_PRODUCTS_DIR; };
		D2E4C0431E4143D60073D05A /* AppDelegate.swift */ = {isa = PBXFileReference; lastKnownFileType = sourcecode.swift; path = AppDelegate.swift; sourceTree = "<group>"; };
		D2E4C0481E4143D60073D05A /* Base */ = {isa = PBXFileReference; lastKnownFileType = file.storyboard; name = Base; path = Base.lproj/Main.storyboard; sourceTree = "<group>"; };
		D2E4C04A1E4143D60073D05A /* Assets.xcassets */ = {isa = PBXFileReference; lastKnownFileType = folder.assetcatalog; path = Assets.xcassets; sourceTree = "<group>"; };
		D2E4C04D1E4143D60073D05A /* Base */ = {isa = PBXFileReference; lastKnownFileType = file.storyboard; name = Base; path = Base.lproj/LaunchScreen.storyboard; sourceTree = "<group>"; };
		D2E4C04F1E4143D60073D05A /* Info.plist */ = {isa = PBXFileReference; lastKnownFileType = text.plist.xml; path = Info.plist; sourceTree = "<group>"; };
		D2E4C0551E41449A0073D05A /* MoviesViewController.swift */ = {isa = PBXFileReference; fileEncoding = 4; lastKnownFileType = sourcecode.swift; path = MoviesViewController.swift; sourceTree = "<group>"; };
		D2E4C05A1E414BB00073D05A /* MovieCellView.swift */ = {isa = PBXFileReference; fileEncoding = 4; lastKnownFileType = sourcecode.swift; path = MovieCellView.swift; sourceTree = "<group>"; };
		DC4ABC71D16265CB86662CAE /* Pods-ReplicateFlicks.debug.xcconfig */ = {isa = PBXFileReference; includeInIndex = 1; lastKnownFileType = text.xcconfig; name = "Pods-ReplicateFlicks.debug.xcconfig"; path = "Pods/Target Support Files/Pods-ReplicateFlicks/Pods-ReplicateFlicks.debug.xcconfig"; sourceTree = "<group>"; };
/* End PBXFileReference section */

/* Begin PBXFrameworksBuildPhase section */
		D2E4C03D1E4143D60073D05A /* Frameworks */ = {
			isa = PBXFrameworksBuildPhase;
			buildActionMask = 2147483647;
			files = (
				DFE13D003186EABC8F72CF03 /* Pods_ReplicateFlicks.framework in Frameworks */,
			);
			runOnlyForDeploymentPostprocessing = 0;
		};
/* End PBXFrameworksBuildPhase section */

/* Begin PBXGroup section */
		2B7FC25FC7AE41557D307EBC /* Frameworks */ = {
			isa = PBXGroup;
			children = (
				B29316AD34068C775203168D /* Pods_ReplicateFlicks.framework */,
			);
			name = Frameworks;
			sourceTree = "<group>";
		};
		BD295A4C29AA4F6F7B8FFC86 /* Pods */ = {
			isa = PBXGroup;
			children = (
				DC4ABC71D16265CB86662CAE /* Pods-ReplicateFlicks.debug.xcconfig */,
				B1386AED96BE7442869E24DB /* Pods-ReplicateFlicks.release.xcconfig */,
			);
			name = Pods;
			sourceTree = "<group>";
		};
		D2E4C0371E4143D60073D05A = {
			isa = PBXGroup;
			children = (
				D2E4C0421E4143D60073D05A /* ReplicateFlicks */,
				D2E4C0411E4143D60073D05A /* Products */,
				BD295A4C29AA4F6F7B8FFC86 /* Pods */,
				2B7FC25FC7AE41557D307EBC /* Frameworks */,
			);
			sourceTree = "<group>";
		};
		D2E4C0411E4143D60073D05A /* Products */ = {
			isa = PBXGroup;
			children = (
				D2E4C0401E4143D60073D05A /* ReplicateFlicks.app */,
			);
			name = Products;
			sourceTree = "<group>";
		};
		D2E4C0421E4143D60073D05A /* ReplicateFlicks */ = {
			isa = PBXGroup;
			children = (
				D2E4C05C1E414C120073D05A /* Controllers */,
				D2E4C0591E414B860073D05A /* Views */,
				D2E4C0431E4143D60073D05A /* AppDelegate.swift */,
				D2E4C0471E4143D60073D05A /* Main.storyboard */,
				D2E4C04A1E4143D60073D05A /* Assets.xcassets */,
				D2E4C04C1E4143D60073D05A /* LaunchScreen.storyboard */,
				D2E4C04F1E4143D60073D05A /* Info.plist */,
			);
			path = ReplicateFlicks;
			sourceTree = "<group>";
		};
		D2E4C0591E414B860073D05A /* Views */ = {
			isa = PBXGroup;
			children = (
				D2E4C05A1E414BB00073D05A /* MovieCellView.swift */,
			);
			name = Views;
			sourceTree = "<group>";
		};
		D2E4C05C1E414C120073D05A /* Controllers */ = {
			isa = PBXGroup;
			children = (
				D2E4C0551E41449A0073D05A /* MoviesViewController.swift */,
				D298686C1E4A8D99006FFCE5 /* DetailViewController.swift */,
			);
			name = Controllers;
			sourceTree = "<group>";
		};
/* End PBXGroup section */

/* Begin PBXNativeTarget section */
		D2E4C03F1E4143D60073D05A /* ReplicateFlicks */ = {
			isa = PBXNativeTarget;
			buildConfigurationList = D2E4C0521E4143D60073D05A /* Build configuration list for PBXNativeTarget "ReplicateFlicks" */;
			buildPhases = (
				AFBE3C65D4A52FE7BACFCFB9 /* [CP] Check Pods Manifest.lock */,
				D2E4C03C1E4143D60073D05A /* Sources */,
				D2E4C03D1E4143D60073D05A /* Frameworks */,
				D2E4C03E1E4143D60073D05A /* Resources */,
				0C422A94F82F237D561ED560 /* [CP] Embed Pods Frameworks */,
				A4E3446E9685AA9FD0334571 /* [CP] Copy Pods Resources */,
			);
			buildRules = (
			);
			dependencies = (
			);
			name = ReplicateFlicks;
			productName = ReplicateFlicks;
			productReference = D2E4C0401E4143D60073D05A /* ReplicateFlicks.app */;
			productType = "com.apple.product-type.application";
		};
/* End PBXNativeTarget section */

/* Begin PBXProject section */
		D2E4C0381E4143D60073D05A /* Project object */ = {
			isa = PBXProject;
			attributes = {
				LastSwiftUpdateCheck = 0810;
				LastUpgradeCheck = 0810;
				ORGANIZATIONNAME = Mufi;
				TargetAttributes = {
					D2E4C03F1E4143D60073D05A = {
						CreatedOnToolsVersion = 8.1;
						ProvisioningStyle = Automatic;
					};
				};
			};
			buildConfigurationList = D2E4C03B1E4143D60073D05A /* Build configuration list for PBXProject "ReplicateFlicks" */;
			compatibilityVersion = "Xcode 3.2";
			developmentRegion = English;
			hasScannedForEncodings = 0;
			knownRegions = (
				en,
				Base,
			);
			mainGroup = D2E4C0371E4143D60073D05A;
			productRefGroup = D2E4C0411E4143D60073D05A /* Products */;
			projectDirPath = "";
			projectRoot = "";
			targets = (
				D2E4C03F1E4143D60073D05A /* ReplicateFlicks */,
			);
		};
/* End PBXProject section */

/* Begin PBXResourcesBuildPhase section */
		D2E4C03E1E4143D60073D05A /* Resources */ = {
			isa = PBXResourcesBuildPhase;
			buildActionMask = 2147483647;
			files = (
				D2E4C04E1E4143D60073D05A /* LaunchScreen.storyboard in Resources */,
				D2E4C04B1E4143D60073D05A /* Assets.xcassets in Resources */,
				D2E4C0491E4143D60073D05A /* Main.storyboard in Resources */,
			);
			runOnlyForDeploymentPostprocessing = 0;
		};
/* End PBXResourcesBuildPhase section */

/* Begin PBXShellScriptBuildPhase section */
		0C422A94F82F237D561ED560 /* [CP] Embed Pods Frameworks */ = {
			isa = PBXShellScriptBuildPhase;
			buildActionMask = 2147483647;
			files = (
			);
			inputPaths = (
			);
			name = "[CP] Embed Pods Frameworks";
			outputPaths = (
			);
			runOnlyForDeploymentPostprocessing = 0;
			shellPath = /bin/sh;
			shellScript = "\"${SRCROOT}/Pods/Target Support Files/Pods-ReplicateFlicks/Pods-ReplicateFlicks-frameworks.sh\"\n";
			showEnvVarsInLog = 0;
		};
		A4E3446E9685AA9FD0334571 /* [CP] Copy Pods Resources */ = {
			isa = PBXShellScriptBuildPhase;
			buildActionMask = 2147483647;
			files = (
			);
			inputPaths = (
			);
			name = "[CP] Copy Pods Resources";
			outputPaths = (
			);
			runOnlyForDeploymentPostprocessing = 0;
			shellPath = /bin/sh;
			shellScript = "\"${SRCROOT}/Pods/Target Support Files/Pods-ReplicateFlicks/Pods-ReplicateFlicks-resources.sh\"\n";
			showEnvVarsInLog = 0;
		};
		AFBE3C65D4A52FE7BACFCFB9 /* [CP] Check Pods Manifest.lock */ = {
			isa = PBXShellScriptBuildPhase;
			buildActionMask = 2147483647;
			files = (
			);
			inputPaths = (
			);
			name = "[CP] Check Pods Manifest.lock";
			outputPaths = (
			);
			runOnlyForDeploymentPostprocessing = 0;
			shellPath = /bin/sh;
			shellScript = "diff \"${PODS_ROOT}/../Podfile.lock\" \"${PODS_ROOT}/Manifest.lock\" > /dev/null\nif [ $? != 0 ] ; then\n    # print error to STDERR\n    echo \"error: The sandbox is not in sync with the Podfile.lock. Run 'pod install' or update your CocoaPods installation.\" >&2\n    exit 1\nfi\n";
			showEnvVarsInLog = 0;
		};
/* End PBXShellScriptBuildPhase section */

/* Begin PBXSourcesBuildPhase section */
		D2E4C03C1E4143D60073D05A /* Sources */ = {
			isa = PBXSourcesBuildPhase;
			buildActionMask = 2147483647;
			files = (
				D2E4C0441E4143D60073D05A /* AppDelegate.swift in Sources */,
				D2E4C05B1E414BB00073D05A /* MovieCellView.swift in Sources */,
				D2E4C0561E41449A0073D05A /* MoviesViewController.swift in Sources */,
				D298686D1E4A8D99006FFCE5 /* DetailViewController.swift in Sources */,
			);
			runOnlyForDeploymentPostprocessing = 0;
		};
/* End PBXSourcesBuildPhase section */

/* Begin PBXVariantGroup section */
		D2E4C0471E4143D60073D05A /* Main.storyboard */ = {
			isa = PBXVariantGroup;
			children = (
				D2E4C0481E4143D60073D05A /* Base */,
			);
			name = Main.storyboard;
			sourceTree = "<group>";
		};
		D2E4C04C1E4143D60073D05A /* LaunchScreen.storyboard */ = {
			isa = PBXVariantGroup;
			children = (
				D2E4C04D1E4143D60073D05A /* Base */,
			);
			name = LaunchScreen.storyboard;
			sourceTree = "<group>";
		};
/* End PBXVariantGroup section */

/* Begin XCBuildConfiguration section */
		D2E4C0501E4143D60073D05A /* Debug */ = {
			isa = XCBuildConfiguration;
			buildSettings = {
				ALWAYS_SEARCH_USER_PATHS = NO;
				CLANG_ANALYZER_NONNULL = YES;
				CLANG_CXX_LANGUAGE_STANDARD = "gnu++0x";
				CLANG_CXX_LIBRARY = "libc++";
				CLANG_ENABLE_MODULES = YES;
				CLANG_ENABLE_OBJC_ARC = YES;
				CLANG_WARN_BOOL_CONVERSION = YES;
				CLANG_WARN_CONSTANT_CONVERSION = YES;
				CLANG_WARN_DIRECT_OBJC_ISA_USAGE = YES_ERROR;
				CLANG_WARN_DOCUMENTATION_COMMENTS = YES;
				CLANG_WARN_EMPTY_BODY = YES;
				CLANG_WARN_ENUM_CONVERSION = YES;
				CLANG_WARN_INFINITE_RECURSION = YES;
				CLANG_WARN_INT_CONVERSION = YES;
				CLANG_WARN_OBJC_ROOT_CLASS = YES_ERROR;
				CLANG_WARN_SUSPICIOUS_MOVES = YES;
				CLANG_WARN_UNREACHABLE_CODE = YES;
				CLANG_WARN__DUPLICATE_METHOD_MATCH = YES;
				"CODE_SIGN_IDENTITY[sdk=iphoneos*]" = "iPhone Developer";
				COPY_PHASE_STRIP = NO;
				DEBUG_INFORMATION_FORMAT = dwarf;
				ENABLE_STRICT_OBJC_MSGSEND = YES;
				ENABLE_TESTABILITY = YES;
				GCC_C_LANGUAGE_STANDARD = gnu99;
				GCC_DYNAMIC_NO_PIC = NO;
				GCC_NO_COMMON_BLOCKS = YES;
				GCC_OPTIMIZATION_LEVEL = 0;
				GCC_PREPROCESSOR_DEFINITIONS = (
					"DEBUG=1",
					"$(inherited)",
				);
				GCC_WARN_64_TO_32_BIT_CONVERSION = YES;
				GCC_WARN_ABOUT_RETURN_TYPE = YES_ERROR;
				GCC_WARN_UNDECLARED_SELECTOR = YES;
				GCC_WARN_UNINITIALIZED_AUTOS = YES_AGGRESSIVE;
				GCC_WARN_UNUSED_FUNCTION = YES;
				GCC_WARN_UNUSED_VARIABLE = YES;
				IPHONEOS_DEPLOYMENT_TARGET = 10.1;
				MTL_ENABLE_DEBUG_INFO = YES;
				ONLY_ACTIVE_ARCH = YES;
				SDKROOT = iphoneos;
				SWIFT_ACTIVE_COMPILATION_CONDITIONS = DEBUG;
				SWIFT_OPTIMIZATION_LEVEL = "-Onone";
				TARGETED_DEVICE_FAMILY = "1,2";
			};
			name = Debug;
		};
		D2E4C0511E4143D60073D05A /* Release */ = {
			isa = XCBuildConfiguration;
			buildSettings = {
				ALWAYS_SEARCH_USER_PATHS = NO;
				CLANG_ANALYZER_NONNULL = YES;
				CLANG_CXX_LANGUAGE_STANDARD = "gnu++0x";
				CLANG_CXX_LIBRARY = "libc++";
				CLANG_ENABLE_MODULES = YES;
				CLANG_ENABLE_OBJC_ARC = YES;
				CLANG_WARN_BOOL_CONVERSION = YES;
				CLANG_WARN_CONSTANT_CONVERSION = YES;
				CLANG_WARN_DIRECT_OBJC_ISA_USAGE = YES_ERROR;
				CLANG_WARN_DOCUMENTATION_COMMENTS = YES;
				CLANG_WARN_EMPTY_BODY = YES;
				CLANG_WARN_ENUM_CONVERSION = YES;
				CLANG_WARN_INFINITE_RECURSION = YES;
				CLANG_WARN_INT_CONVERSION = YES;
				CLANG_WARN_OBJC_ROOT_CLASS = YES_ERROR;
				CLANG_WARN_SUSPICIOUS_MOVES = YES;
				CLANG_WARN_UNREACHABLE_CODE = YES;
				CLANG_WARN__DUPLICATE_METHOD_MATCH = YES;
				"CODE_SIGN_IDENTITY[sdk=iphoneos*]" = "iPhone Developer";
				COPY_PHASE_STRIP = NO;
				DEBUG_INFORMATION_FORMAT = "dwarf-with-dsym";
				ENABLE_NS_ASSERTIONS = NO;
				ENABLE_STRICT_OBJC_MSGSEND = YES;
				GCC_C_LANGUAGE_STANDARD = gnu99;
				GCC_NO_COMMON_BLOCKS = YES;
				GCC_WARN_64_TO_32_BIT_CONVERSION = YES;
				GCC_WARN_ABOUT_RETURN_TYPE = YES_ERROR;
				GCC_WARN_UNDECLARED_SELECTOR = YES;
				GCC_WARN_UNINITIALIZED_AUTOS = YES_AGGRESSIVE;
				GCC_WARN_UNUSED_FUNCTION = YES;
				GCC_WARN_UNUSED_VARIABLE = YES;
				IPHONEOS_DEPLOYMENT_TARGET = 10.1;
				MTL_ENABLE_DEBUG_INFO = NO;
				SDKROOT = iphoneos;
				SWIFT_OPTIMIZATION_LEVEL = "-Owholemodule";
				TARGETED_DEVICE_FAMILY = "1,2";
				VALIDATE_PRODUCT = YES;
			};
			name = Release;
		};
		D2E4C0531E4143D60073D05A /* Debug */ = {
			isa = XCBuildConfiguration;
			baseConfigurationReference = DC4ABC71D16265CB86662CAE /* Pods-ReplicateFlicks.debug.xcconfig */;
			buildSettings = {
				ASSETCATALOG_COMPILER_APPICON_NAME = AppIcon;
				INFOPLIST_FILE = ReplicateFlicks/Info.plist;
				LD_RUNPATH_SEARCH_PATHS = "$(inherited) @executable_path/Frameworks";
				PRODUCT_BUNDLE_IDENTIFIER = me.monus.ReplicateFlicks;
				PRODUCT_NAME = "$(TARGET_NAME)";
				SWIFT_VERSION = 3.0;
			};
			name = Debug;
		};
		D2E4C0541E4143D60073D05A /* Release */ = {
			isa = XCBuildConfiguration;
			baseConfigurationReference = B1386AED96BE7442869E24DB /* Pods-ReplicateFlicks.release.xcconfig */;
			buildSettings = {
				ASSETCATALOG_COMPILER_APPICON_NAME = AppIcon;
				INFOPLIST_FILE = ReplicateFlicks/Info.plist;
				LD_RUNPATH_SEARCH_PATHS = "$(inherited) @executable_path/Frameworks";
				PRODUCT_BUNDLE_IDENTIFIER = me.monus.ReplicateFlicks;
				PRODUCT_NAME = "$(TARGET_NAME)";
				SWIFT_VERSION = 3.0;
			};
			name = Release;
		};
/* End XCBuildConfiguration section */

/* Begin XCConfigurationList section */
		D2E4C03B1E4143D60073D05A /* Build configuration list for PBXProject "ReplicateFlicks" */ = {
			isa = XCConfigurationList;
			buildConfigurations = (
				D2E4C0501E4143D60073D05A /* Debug */,
				D2E4C0511E4143D60073D05A /* Release */,
			);
			defaultConfigurationIsVisible = 0;
			defaultConfigurationName = Release;
		};
		D2E4C0521E4143D60073D05A /* Build configuration list for PBXNativeTarget "ReplicateFlicks" */ = {
			isa = XCConfigurationList;
			buildConfigurations = (
				D2E4C0531E4143D60073D05A /* Debug */,
				D2E4C0541E4143D60073D05A /* Release */,
			);
			defaultConfigurationIsVisible = 0;
			defaultConfigurationName = Release;
		};
/* End XCConfigurationList section */
	};
	rootObject = D2E4C0381E4143D60073D05A /* Project object */;
}
